
Microsoft Visual Studio Solution File, Format Version 12.00
# Visual Studio Version 17
VisualStudioVersion = 17.11.35222.181
MinimumVisualStudioVersion = 10.0.40219.1
Project("{FAE04EC0-301F-11D3-BF4B-00C04F79EFBC}") = "report-api", "report-api.csproj", "{390CEFF4-C474-4B10-BD7B-9FF9E538C529}"
EndProject
Global
	GlobalSection(SolutionConfigurationPlatforms) = preSolution
		Debug|Any CPU = Debug|Any CPU
		Release|Any CPU = Release|Any CPU
	EndGlobalSection
	GlobalSection(ProjectConfigurationPlatforms) = postSolution
		{390CEFF4-C474-4B10-BD7B-9FF9E538C529}.Debug|Any CPU.ActiveCfg = Debug|Any CPU
		{390CEFF4-C474-4B10-BD7B-9FF9E538C529}.Debug|Any CPU.Build.0 = Debug|Any CPU
		{390CEFF4-C474-4B10-BD7B-9FF9E538C529}.Release|Any CPU.ActiveCfg = Release|Any CPU
		{390CEFF4-C474-4B10-BD7B-9FF9E538C529}.Release|Any CPU.Build.0 = Release|Any CPU
	EndGlobalSection
	GlobalSection(SolutionProperties) = preSolution
		HideSolutionNode = FALSE
	EndGlobalSection
	GlobalSection(ExtensibilityGlobals) = postSolution
		SolutionGuid = {3222EAC2-8A51-4168-8AC0-C6BFC42E4B16}
	EndGlobalSection
EndGlobal
